
Microsoft Visual Studio Solution File, Format Version 12.00
# Visual Studio Version 16
VisualStudioVersion = 16.0.30002.166
MinimumVisualStudioVersion = 10.0.40219.1
Project("{FAE04EC0-301F-11D3-BF4B-00C04F79EFBC}") = "WebGpuWebApp", "WebGpuWebApp.csproj", "{B748C871-4AD0-4F85-8092-D5F1F7AB7CD6}"
EndProject
Global
	GlobalSection(SolutionConfigurationPlatforms) = preSolution
		Debug|Any CPU = Debug|Any CPU
		Release|Any CPU = Release|Any CPU
	EndGlobalSection
	GlobalSection(ProjectConfigurationPlatforms) = postSolution
		{B748C871-4AD0-4F85-8092-D5F1F7AB7CD6}.Debug|Any CPU.ActiveCfg = Debug|Any CPU
		{B748C871-4AD0-4F85-8092-D5F1F7AB7CD6}.Debug|Any CPU.Build.0 = Debug|Any CPU
		{B748C871-4AD0-4F85-8092-D5F1F7AB7CD6}.Release|Any CPU.ActiveCfg = Release|Any CPU
		{B748C871-4AD0-4F85-8092-D5F1F7AB7CD6}.Release|Any CPU.Build.0 = Release|Any CPU
	EndGlobalSection
	GlobalSection(SolutionProperties) = preSolution
		HideSolutionNode = FALSE
	EndGlobalSection
	GlobalSection(ExtensibilityGlobals) = postSolution
		SolutionGuid = {37DF44C4-BB02-40E0-AB07-B0AD0D461C12}
	EndGlobalSection
EndGlobal
